// !$*UTF8*$!
{
	archiveVersion = 1;
	classes = {
	};
	objectVersion = 56;
	objects = {

/* Begin PBXBuildFile section */
		4022A47F2995902E001F3F36 /* Persistence .swift in Sources */ = {isa = PBXBuildFile; fileRef = 4022A47E2995902E001F3F36 /* Persistence .swift */; };
		4022A4812995904E001F3F36 /* FileManagerExtension.swift in Sources */ = {isa = PBXBuildFile; fileRef = 4022A4802995904E001F3F36 /* FileManagerExtension.swift */; };
		40B6F2EC2994258200D5ABAF /* AppDelegate.swift in Sources */ = {isa = PBXBuildFile; fileRef = 40B6F2EB2994258200D5ABAF /* AppDelegate.swift */; };
		40B6F2EE2994258200D5ABAF /* SceneDelegate.swift in Sources */ = {isa = PBXBuildFile; fileRef = 40B6F2ED2994258200D5ABAF /* SceneDelegate.swift */; };
		40B6F2F32994258200D5ABAF /* Main.storyboard in Resources */ = {isa = PBXBuildFile; fileRef = 40B6F2F12994258200D5ABAF /* Main.storyboard */; };
		40B6F2F52994258200D5ABAF /* Assets.xcassets in Resources */ = {isa = PBXBuildFile; fileRef = 40B6F2F42994258200D5ABAF /* Assets.xcassets */; };
		40B6F2F82994258200D5ABAF /* LaunchScreen.storyboard in Resources */ = {isa = PBXBuildFile; fileRef = 40B6F2F62994258200D5ABAF /* LaunchScreen.storyboard */; };
		40B6F3002994284000D5ABAF /* AddRegistrationTableViewController.swift in Sources */ = {isa = PBXBuildFile; fileRef = 40B6F2FF2994284000D5ABAF /* AddRegistrationTableViewController.swift */; };
		40C96C542994476F006062F6 /* RoomType.swift in Sources */ = {isa = PBXBuildFile; fileRef = 40C96C532994476F006062F6 /* RoomType.swift */; };
		40C96C562994489A006062F6 /* SelectRoomTypeViewController.swift in Sources */ = {isa = PBXBuildFile; fileRef = 40C96C552994489A006062F6 /* SelectRoomTypeViewController.swift */; };
		40C96C5829947B3B006062F6 /* Registration.swift in Sources */ = {isa = PBXBuildFile; fileRef = 40C96C5729947B3B006062F6 /* Registration.swift */; };
		40C96C5A29947E1C006062F6 /* RegistrationTableViewController.swift in Sources */ = {isa = PBXBuildFile; fileRef = 40C96C5929947E1C006062F6 /* RegistrationTableViewController.swift */; };
/* End PBXBuildFile section */

/* Begin PBXFileReference section */
		4022A47E2995902E001F3F36 /* Persistence .swift */ = {isa = PBXFileReference; lastKnownFileType = sourcecode.swift; path = "Persistence .swift"; sourceTree = "<group>"; };
		4022A4802995904E001F3F36 /* FileManagerExtension.swift */ = {isa = PBXFileReference; lastKnownFileType = sourcecode.swift; path = FileManagerExtension.swift; sourceTree = "<group>"; };
		40B6F2E82994258200D5ABAF /* HotelManzana.app */ = {isa = PBXFileReference; explicitFileType = wrapper.application; includeInIndex = 0; path = HotelManzana.app; sourceTree = BUILT_PRODUCTS_DIR; };
		40B6F2EB2994258200D5ABAF /* AppDelegate.swift */ = {isa = PBXFileReference; lastKnownFileType = sourcecode.swift; path = AppDelegate.swift; sourceTree = "<group>"; };
		40B6F2ED2994258200D5ABAF /* SceneDelegate.swift */ = {isa = PBXFileReference; lastKnownFileType = sourcecode.swift; path = SceneDelegate.swift; sourceTree = "<group>"; };
		40B6F2F22994258200D5ABAF /* Base */ = {isa = PBXFileReference; lastKnownFileType = file.storyboard; name = Base; path = Base.lproj/Main.storyboard; sourceTree = "<group>"; };
		40B6F2F42994258200D5ABAF /* Assets.xcassets */ = {isa = PBXFileReference; lastKnownFileType = folder.assetcatalog; path = Assets.xcassets; sourceTree = "<group>"; };
		40B6F2F72994258200D5ABAF /* Base */ = {isa = PBXFileReference; lastKnownFileType = file.storyboard; name = Base; path = Base.lproj/LaunchScreen.storyboard; sourceTree = "<group>"; };
		40B6F2F92994258200D5ABAF /* Info.plist */ = {isa = PBXFileReference; lastKnownFileType = text.plist.xml; path = Info.plist; sourceTree = "<group>"; };
		40B6F2FF2994284000D5ABAF /* AddRegistrationTableViewController.swift */ = {isa = PBXFileReference; lastKnownFileType = sourcecode.swift; path = AddRegistrationTableViewController.swift; sourceTree = "<group>"; };
		40C96C532994476F006062F6 /* RoomType.swift */ = {isa = PBXFileReference; lastKnownFileType = sourcecode.swift; path = RoomType.swift; sourceTree = "<group>"; };
		40C96C552994489A006062F6 /* SelectRoomTypeViewController.swift */ = {isa = PBXFileReference; lastKnownFileType = sourcecode.swift; path = SelectRoomTypeViewController.swift; sourceTree = "<group>"; };
		40C96C5729947B3B006062F6 /* Registration.swift */ = {isa = PBXFileReference; lastKnownFileType = sourcecode.swift; path = Registration.swift; sourceTree = "<group>"; };
		40C96C5929947E1C006062F6 /* RegistrationTableViewController.swift */ = {isa = PBXFileReference; lastKnownFileType = sourcecode.swift; path = RegistrationTableViewController.swift; sourceTree = "<group>"; };
/* End PBXFileReference section */

/* Begin PBXFrameworksBuildPhase section */
		40B6F2E52994258200D5ABAF /* Frameworks */ = {
			isa = PBXFrameworksBuildPhase;
			buildActionMask = 2147483647;
			files = (
			);
			runOnlyForDeploymentPostprocessing = 0;
		};
/* End PBXFrameworksBuildPhase section */

/* Begin PBXGroup section */
		40B45E3D299544A700193C34 /* Controllers */ = {
			isa = PBXGroup;
			children = (
				40B6F2FF2994284000D5ABAF /* AddRegistrationTableViewController.swift */,
				40C96C552994489A006062F6 /* SelectRoomTypeViewController.swift */,
				40C96C5929947E1C006062F6 /* RegistrationTableViewController.swift */,
			);
			path = Controllers;
			sourceTree = "<group>";
		};
		40B45E3E299544AF00193C34 /* Models */ = {
			isa = PBXGroup;
			children = (
				40C96C532994476F006062F6 /* RoomType.swift */,
				40C96C5729947B3B006062F6 /* Registration.swift */,
			);
			path = Models;
			sourceTree = "<group>";
		};
		40B45E3F2995452800193C34 /* Persistence  */ = {
			isa = PBXGroup;
			children = (
				4022A47E2995902E001F3F36 /* Persistence .swift */,
				4022A4802995904E001F3F36 /* FileManagerExtension.swift */,
			);
			path = "Persistence ";
			sourceTree = "<group>";
		};
		40B6F2DF2994258200D5ABAF = {
			isa = PBXGroup;
			children = (
				40B6F2EA2994258200D5ABAF /* HotelManzana */,
				40B6F2E92994258200D5ABAF /* Products */,
			);
			sourceTree = "<group>";
		};
		40B6F2E92994258200D5ABAF /* Products */ = {
			isa = PBXGroup;
			children = (
				40B6F2E82994258200D5ABAF /* HotelManzana.app */,
			);
			name = Products;
			sourceTree = "<group>";
		};
		40B6F2EA2994258200D5ABAF /* HotelManzana */ = {
			isa = PBXGroup;
			children = (
				40B45E3F2995452800193C34 /* Persistence  */,
				40B45E3D299544A700193C34 /* Controllers */,
				40B45E3E299544AF00193C34 /* Models */,
				40C96C5B2994A65C006062F6 /* Supporting */,
				40B6F2F92994258200D5ABAF /* Info.plist */,
			);
			path = HotelManzana;
			sourceTree = "<group>";
		};
		40C96C5B2994A65C006062F6 /* Supporting */ = {
			isa = PBXGroup;
			children = (
				40B6F2EB2994258200D5ABAF /* AppDelegate.swift */,
				40B6F2ED2994258200D5ABAF /* SceneDelegate.swift */,
				40B6F2F12994258200D5ABAF /* Main.storyboard */,
				40B6F2F42994258200D5ABAF /* Assets.xcassets */,
				40B6F2F62994258200D5ABAF /* LaunchScreen.storyboard */,
			);
			path = Supporting;
			sourceTree = "<group>";
		};
/* End PBXGroup section */

/* Begin PBXNativeTarget section */
		40B6F2E72994258200D5ABAF /* HotelManzana */ = {
			isa = PBXNativeTarget;
			buildConfigurationList = 40B6F2FC2994258200D5ABAF /* Build configuration list for PBXNativeTarget "HotelManzana" */;
			buildPhases = (
				40B6F2E42994258200D5ABAF /* Sources */,
				40B6F2E52994258200D5ABAF /* Frameworks */,
				40B6F2E62994258200D5ABAF /* Resources */,
			);
			buildRules = (
			);
			dependencies = (
			);
			name = HotelManzana;
			productName = HotelManzana;
			productReference = 40B6F2E82994258200D5ABAF /* HotelManzana.app */;
			productType = "com.apple.product-type.application";
		};
/* End PBXNativeTarget section */

/* Begin PBXProject section */
		40B6F2E02994258200D5ABAF /* Project object */ = {
			isa = PBXProject;
			attributes = {
				BuildIndependentTargetsInParallel = 1;
				LastSwiftUpdateCheck = 1420;
				LastUpgradeCheck = 1420;
				TargetAttributes = {
					40B6F2E72994258200D5ABAF = {
						CreatedOnToolsVersion = 14.2;
					};
				};
			};
			buildConfigurationList = 40B6F2E32994258200D5ABAF /* Build configuration list for PBXProject "HotelManzana" */;
			compatibilityVersion = "Xcode 14.0";
			developmentRegion = en;
			hasScannedForEncodings = 0;
			knownRegions = (
				en,
				Base,
			);
			mainGroup = 40B6F2DF2994258200D5ABAF;
			productRefGroup = 40B6F2E92994258200D5ABAF /* Products */;
			projectDirPath = "";
			projectRoot = "";
			targets = (
				40B6F2E72994258200D5ABAF /* HotelManzana */,
			);
		};
/* End PBXProject section */

/* Begin PBXResourcesBuildPhase section */
		40B6F2E62994258200D5ABAF /* Resources */ = {
			isa = PBXResourcesBuildPhase;
			buildActionMask = 2147483647;
			files = (
				40B6F2F82994258200D5ABAF /* LaunchScreen.storyboard in Resources */,
				40B6F2F52994258200D5ABAF /* Assets.xcassets in Resources */,
				40B6F2F32994258200D5ABAF /* Main.storyboard in Resources */,
			);
			runOnlyForDeploymentPostprocessing = 0;
		};
/* End PBXResourcesBuildPhase section */

/* Begin PBXSourcesBuildPhase section */
		40B6F2E42994258200D5ABAF /* Sources */ = {
			isa = PBXSourcesBuildPhase;
			buildActionMask = 2147483647;
			files = (
				40C96C542994476F006062F6 /* RoomType.swift in Sources */,
				4022A4812995904E001F3F36 /* FileManagerExtension.swift in Sources */,
				40B6F3002994284000D5ABAF /* AddRegistrationTableViewController.swift in Sources */,
				4022A47F2995902E001F3F36 /* Persistence .swift in Sources */,
				40C96C562994489A006062F6 /* SelectRoomTypeViewController.swift in Sources */,
				40B6F2EC2994258200D5ABAF /* AppDelegate.swift in Sources */,
				40C96C5829947B3B006062F6 /* Registration.swift in Sources */,
				40B6F2EE2994258200D5ABAF /* SceneDelegate.swift in Sources */,
				40C96C5A29947E1C006062F6 /* RegistrationTableViewController.swift in Sources */,
			);
			runOnlyForDeploymentPostprocessing = 0;
		};
/* End PBXSourcesBuildPhase section */

/* Begin PBXVariantGroup section */
		40B6F2F12994258200D5ABAF /* Main.storyboard */ = {
			isa = PBXVariantGroup;
			children = (
				40B6F2F22994258200D5ABAF /* Base */,
			);
			name = Main.storyboard;
			sourceTree = "<group>";
		};
		40B6F2F62994258200D5ABAF /* LaunchScreen.storyboard */ = {
			isa = PBXVariantGroup;
			children = (
				40B6F2F72994258200D5ABAF /* Base */,
			);
			name = LaunchScreen.storyboard;
			sourceTree = "<group>";
		};
/* End PBXVariantGroup section */

/* Begin XCBuildConfiguration section */
		40B6F2FA2994258200D5ABAF /* Debug */ = {
			isa = XCBuildConfiguration;
			buildSettings = {
				ALWAYS_SEARCH_USER_PATHS = NO;
				CLANG_ANALYZER_NONNULL = YES;
				CLANG_ANALYZER_NUMBER_OBJECT_CONVERSION = YES_AGGRESSIVE;
				CLANG_CXX_LANGUAGE_STANDARD = "gnu++20";
				CLANG_ENABLE_MODULES = YES;
				CLANG_ENABLE_OBJC_ARC = YES;
				CLANG_ENABLE_OBJC_WEAK = YES;
				CLANG_WARN_BLOCK_CAPTURE_AUTORELEASING = YES;
				CLANG_WARN_BOOL_CONVERSION = YES;
				CLANG_WARN_COMMA = YES;
				CLANG_WARN_CONSTANT_CONVERSION = YES;
				CLANG_WARN_DEPRECATED_OBJC_IMPLEMENTATIONS = YES;
				CLANG_WARN_DIRECT_OBJC_ISA_USAGE = YES_ERROR;
				CLANG_WARN_DOCUMENTATION_COMMENTS = YES;
				CLANG_WARN_EMPTY_BODY = YES;
				CLANG_WARN_ENUM_CONVERSION = YES;
				CLANG_WARN_INFINITE_RECURSION = YES;
				CLANG_WARN_INT_CONVERSION = YES;
				CLANG_WARN_NON_LITERAL_NULL_CONVERSION = YES;
				CLANG_WARN_OBJC_IMPLICIT_RETAIN_SELF = YES;
				CLANG_WARN_OBJC_LITERAL_CONVERSION = YES;
				CLANG_WARN_OBJC_ROOT_CLASS = YES_ERROR;
				CLANG_WARN_QUOTED_INCLUDE_IN_FRAMEWORK_HEADER = YES;
				CLANG_WARN_RANGE_LOOP_ANALYSIS = YES;
				CLANG_WARN_STRICT_PROTOTYPES = YES;
				CLANG_WARN_SUSPICIOUS_MOVE = YES;
				CLANG_WARN_UNGUARDED_AVAILABILITY = YES_AGGRESSIVE;
				CLANG_WARN_UNREACHABLE_CODE = YES;
				CLANG_WARN__DUPLICATE_METHOD_MATCH = YES;
				COPY_PHASE_STRIP = NO;
				DEBUG_INFORMATION_FORMAT = dwarf;
				ENABLE_STRICT_OBJC_MSGSEND = YES;
				ENABLE_TESTABILITY = YES;
				GCC_C_LANGUAGE_STANDARD = gnu11;
				GCC_DYNAMIC_NO_PIC = NO;
				GCC_NO_COMMON_BLOCKS = YES;
				GCC_OPTIMIZATION_LEVEL = 0;
				GCC_PREPROCESSOR_DEFINITIONS = (
					"DEBUG=1",
					"$(inherited)",
				);
				GCC_WARN_64_TO_32_BIT_CONVERSION = YES;
				GCC_WARN_ABOUT_RETURN_TYPE = YES_ERROR;
				GCC_WARN_UNDECLARED_SELECTOR = YES;
				GCC_WARN_UNINITIALIZED_AUTOS = YES_AGGRESSIVE;
				GCC_WARN_UNUSED_FUNCTION = YES;
				GCC_WARN_UNUSED_VARIABLE = YES;
				IPHONEOS_DEPLOYMENT_TARGET = 16.2;
				MTL_ENABLE_DEBUG_INFO = INCLUDE_SOURCE;
				MTL_FAST_MATH = YES;
				ONLY_ACTIVE_ARCH = YES;
				SDKROOT = iphoneos;
				SWIFT_ACTIVE_COMPILATION_CONDITIONS = DEBUG;
				SWIFT_OPTIMIZATION_LEVEL = "-Onone";
			};
			name = Debug;
		};
		40B6F2FB2994258200D5ABAF /* Release */ = {
			isa = XCBuildConfiguration;
			buildSettings = {
				ALWAYS_SEARCH_USER_PATHS = NO;
				CLANG_ANALYZER_NONNULL = YES;
				CLANG_ANALYZER_NUMBER_OBJECT_CONVERSION = YES_AGGRESSIVE;
				CLANG_CXX_LANGUAGE_STANDARD = "gnu++20";
				CLANG_ENABLE_MODULES = YES;
				CLANG_ENABLE_OBJC_ARC = YES;
				CLANG_ENABLE_OBJC_WEAK = YES;
				CLANG_WARN_BLOCK_CAPTURE_AUTORELEASING = YES;
				CLANG_WARN_BOOL_CONVERSION = YES;
				CLANG_WARN_COMMA = YES;
				CLANG_WARN_CONSTANT_CONVERSION = YES;
				CLANG_WARN_DEPRECATED_OBJC_IMPLEMENTATIONS = YES;
				CLANG_WARN_DIRECT_OBJC_ISA_USAGE = YES_ERROR;
				CLANG_WARN_DOCUMENTATION_COMMENTS = YES;
				CLANG_WARN_EMPTY_BODY = YES;
				CLANG_WARN_ENUM_CONVERSION = YES;
				CLANG_WARN_INFINITE_RECURSION = YES;
				CLANG_WARN_INT_CONVERSION = YES;
				CLANG_WARN_NON_LITERAL_NULL_CONVERSION = YES;
				CLANG_WARN_OBJC_IMPLICIT_RETAIN_SELF = YES;
				CLANG_WARN_OBJC_LITERAL_CONVERSION = YES;
				CLANG_WARN_OBJC_ROOT_CLASS = YES_ERROR;
				CLANG_WARN_QUOTED_INCLUDE_IN_FRAMEWORK_HEADER = YES;
				CLANG_WARN_RANGE_LOOP_ANALYSIS = YES;
				CLANG_WARN_STRICT_PROTOTYPES = YES;
				CLANG_WARN_SUSPICIOUS_MOVE = YES;
				CLANG_WARN_UNGUARDED_AVAILABILITY = YES_AGGRESSIVE;
				CLANG_WARN_UNREACHABLE_CODE = YES;
				CLANG_WARN__DUPLICATE_METHOD_MATCH = YES;
				COPY_PHASE_STRIP = NO;
				DEBUG_INFORMATION_FORMAT = "dwarf-with-dsym";
				ENABLE_NS_ASSERTIONS = NO;
				ENABLE_STRICT_OBJC_MSGSEND = YES;
				GCC_C_LANGUAGE_STANDARD = gnu11;
				GCC_NO_COMMON_BLOCKS = YES;
				GCC_WARN_64_TO_32_BIT_CONVERSION = YES;
				GCC_WARN_ABOUT_RETURN_TYPE = YES_ERROR;
				GCC_WARN_UNDECLARED_SELECTOR = YES;
				GCC_WARN_UNINITIALIZED_AUTOS = YES_AGGRESSIVE;
				GCC_WARN_UNUSED_FUNCTION = YES;
				GCC_WARN_UNUSED_VARIABLE = YES;
				IPHONEOS_DEPLOYMENT_TARGET = 16.2;
				MTL_ENABLE_DEBUG_INFO = NO;
				MTL_FAST_MATH = YES;
				SDKROOT = iphoneos;
				SWIFT_COMPILATION_MODE = wholemodule;
				SWIFT_OPTIMIZATION_LEVEL = "-O";
				VALIDATE_PRODUCT = YES;
			};
			name = Release;
		};
		40B6F2FD2994258200D5ABAF /* Debug */ = {
			isa = XCBuildConfiguration;
			buildSettings = {
				ASSETCATALOG_COMPILER_APPICON_NAME = AppIcon;
				ASSETCATALOG_COMPILER_GLOBAL_ACCENT_COLOR_NAME = AccentColor;
				CODE_SIGN_STYLE = Automatic;
				CURRENT_PROJECT_VERSION = 1;
				DEVELOPMENT_TEAM = V23Z3P8TP3;
				GENERATE_INFOPLIST_FILE = YES;
				INFOPLIST_FILE = HotelManzana/Info.plist;
				INFOPLIST_KEY_UIApplicationSupportsIndirectInputEvents = YES;
				INFOPLIST_KEY_UILaunchStoryboardName = LaunchScreen;
				INFOPLIST_KEY_UIMainStoryboardFile = Main;
				INFOPLIST_KEY_UISupportedInterfaceOrientations_iPad = "UIInterfaceOrientationPortrait UIInterfaceOrientationPortraitUpsideDown UIInterfaceOrientationLandscapeLeft UIInterfaceOrientationLandscapeRight";
				INFOPLIST_KEY_UISupportedInterfaceOrientations_iPhone = "UIInterfaceOrientationPortrait UIInterfaceOrientationLandscapeLeft UIInterfaceOrientationLandscapeRight";
				LD_RUNPATH_SEARCH_PATHS = (
					"$(inherited)",
					"@executable_path/Frameworks",
				);
				MARKETING_VERSION = 1.0;
				PRODUCT_BUNDLE_IDENTIFIER = SimpleType.HotelManzana;
				PRODUCT_NAME = "$(TARGET_NAME)";
				SWIFT_EMIT_LOC_STRINGS = YES;
				SWIFT_VERSION = 5.0;
				TARGETED_DEVICE_FAMILY = "1,2";
			};
			name = Debug;
		};
		40B6F2FE2994258200D5ABAF /* Release */ = {
			isa = XCBuildConfiguration;
			buildSettings = {
				ASSETCATALOG_COMPILER_APPICON_NAME = AppIcon;
				ASSETCATALOG_COMPILER_GLOBAL_ACCENT_COLOR_NAME = AccentColor;
				CODE_SIGN_STYLE = Automatic;
				CURRENT_PROJECT_VERSION = 1;
				DEVELOPMENT_TEAM = V23Z3P8TP3;
				GENERATE_INFOPLIST_FILE = YES;
				INFOPLIST_FILE = HotelManzana/Info.plist;
				INFOPLIST_KEY_UIApplicationSupportsIndirectInputEvents = YES;
				INFOPLIST_KEY_UILaunchStoryboardName = LaunchScreen;
				INFOPLIST_KEY_UIMainStoryboardFile = Main;
				INFOPLIST_KEY_UISupportedInterfaceOrientations_iPad = "UIInterfaceOrientationPortrait UIInterfaceOrientationPortraitUpsideDown UIInterfaceOrientationLandscapeLeft UIInterfaceOrientationLandscapeRight";
				INFOPLIST_KEY_UISupportedInterfaceOrientations_iPhone = "UIInterfaceOrientationPortrait UIInterfaceOrientationLandscapeLeft UIInterfaceOrientationLandscapeRight";
				LD_RUNPATH_SEARCH_PATHS = (
					"$(inherited)",
					"@executable_path/Frameworks",
				);
				MARKETING_VERSION = 1.0;
				PRODUCT_BUNDLE_IDENTIFIER = SimpleType.HotelManzana;
				PRODUCT_NAME = "$(TARGET_NAME)";
				SWIFT_EMIT_LOC_STRINGS = YES;
				SWIFT_VERSION = 5.0;
				TARGETED_DEVICE_FAMILY = "1,2";
			};
			name = Release;
		};
/* End XCBuildConfiguration section */

/* Begin XCConfigurationList section */
		40B6F2E32994258200D5ABAF /* Build configuration list for PBXProject "HotelManzana" */ = {
			isa = XCConfigurationList;
			buildConfigurations = (
				40B6F2FA2994258200D5ABAF /* Debug */,
				40B6F2FB2994258200D5ABAF /* Release */,
			);
			defaultConfigurationIsVisible = 0;
			defaultConfigurationName = Release;
		};
		40B6F2FC2994258200D5ABAF /* Build configuration list for PBXNativeTarget "HotelManzana" */ = {
			isa = XCConfigurationList;
			buildConfigurations = (
				40B6F2FD2994258200D5ABAF /* Debug */,
				40B6F2FE2994258200D5ABAF /* Release */,
			);
			defaultConfigurationIsVisible = 0;
			defaultConfigurationName = Release;
		};
/* End XCConfigurationList section */
	};
	rootObject = 40B6F2E02994258200D5ABAF /* Project object */;
}
